
Microsoft Visual Studio Solution File, Format Version 12.00
# Visual Studio 15
VisualStudioVersion = 15.0.26724.1
MinimumVisualStudioVersion = 10.0.40219.1
Project("{2150E333-8FDC-42A3-9474-1A3956D46DE8}") = "src", "src", "{5AAAC469-885A-40B0-AA51-727551A8407C}"
EndProject
Project("{2150E333-8FDC-42A3-9474-1A3956D46DE8}") = "test", "test", "{DD914FB7-04B6-43AB-8482-5E34949BAB72}"
EndProject
Project("{9A19103F-16F7-4668-BE54-9A1E7A4F7556}") = "DDDN.Net.OpenXML", "OpenXML\DDDN.Net.OpenXML.csproj", "{51724927-D2E5-4691-95B6-28F867550D74}"
	ProjectSection(ProjectDependencies) = postProject
		{4D88847F-C995-4164-8A21-A800DA02BAD0} = {4D88847F-C995-4164-8A21-A800DA02BAD0}
	EndProjectSection
EndProject
Project("{9A19103F-16F7-4668-BE54-9A1E7A4F7556}") = "DDDN.Logging.Messages", "..\Logging\Messages\DDDN.Logging.Messages.csproj", "{4D88847F-C995-4164-8A21-A800DA02BAD0}"
EndProject
Project("{2150E333-8FDC-42A3-9474-1A3956D46DE8}") = "samples", "samples", "{979A9B69-3BBA-4059-A5E0-239850DCD275}"
EndProject
Project("{9A19103F-16F7-4668-BE54-9A1E7A4F7556}") = "DDDN.Net.Samples", "Samples\DDDN.Net.Samples.csproj", "{A88903F3-68EC-4331-805E-60E71F5BF09D}"
EndProject
Project("{FAE04EC0-301F-11D3-BF4B-00C04F79EFBC}") = "DDDN.Net.Html", "Html\DDDN.Net.Html.csproj", "{16DAB69D-01A4-4AFD-AE6F-67DA899EFA9E}"
EndProject
Global
	GlobalSection(SolutionConfigurationPlatforms) = preSolution
		Debug|Any CPU = Debug|Any CPU
		Release|Any CPU = Release|Any CPU
	EndGlobalSection
	GlobalSection(ProjectConfigurationPlatforms) = postSolution
		{51724927-D2E5-4691-95B6-28F867550D74}.Debug|Any CPU.ActiveCfg = Debug|Any CPU
		{51724927-D2E5-4691-95B6-28F867550D74}.Debug|Any CPU.Build.0 = Debug|Any CPU
		{51724927-D2E5-4691-95B6-28F867550D74}.Release|Any CPU.ActiveCfg = Release|Any CPU
		{51724927-D2E5-4691-95B6-28F867550D74}.Release|Any CPU.Build.0 = Release|Any CPU
		{4D88847F-C995-4164-8A21-A800DA02BAD0}.Debug|Any CPU.ActiveCfg = Debug|Any CPU
		{4D88847F-C995-4164-8A21-A800DA02BAD0}.Debug|Any CPU.Build.0 = Debug|Any CPU
		{4D88847F-C995-4164-8A21-A800DA02BAD0}.Release|Any CPU.ActiveCfg = Release|Any CPU
		{4D88847F-C995-4164-8A21-A800DA02BAD0}.Release|Any CPU.Build.0 = Release|Any CPU
		{A88903F3-68EC-4331-805E-60E71F5BF09D}.Debug|Any CPU.ActiveCfg = Debug|Any CPU
		{A88903F3-68EC-4331-805E-60E71F5BF09D}.Debug|Any CPU.Build.0 = Debug|Any CPU
		{A88903F3-68EC-4331-805E-60E71F5BF09D}.Release|Any CPU.ActiveCfg = Release|Any CPU
		{A88903F3-68EC-4331-805E-60E71F5BF09D}.Release|Any CPU.Build.0 = Release|Any CPU
		{16DAB69D-01A4-4AFD-AE6F-67DA899EFA9E}.Debug|Any CPU.ActiveCfg = Debug|Any CPU
		{16DAB69D-01A4-4AFD-AE6F-67DA899EFA9E}.Debug|Any CPU.Build.0 = Debug|Any CPU
		{16DAB69D-01A4-4AFD-AE6F-67DA899EFA9E}.Release|Any CPU.ActiveCfg = Release|Any CPU
		{16DAB69D-01A4-4AFD-AE6F-67DA899EFA9E}.Release|Any CPU.Build.0 = Release|Any CPU
	EndGlobalSection
	GlobalSection(SolutionProperties) = preSolution
		HideSolutionNode = FALSE
	EndGlobalSection
	GlobalSection(NestedProjects) = preSolution
		{51724927-D2E5-4691-95B6-28F867550D74} = {5AAAC469-885A-40B0-AA51-727551A8407C}
		{4D88847F-C995-4164-8A21-A800DA02BAD0} = {5AAAC469-885A-40B0-AA51-727551A8407C}
		{A88903F3-68EC-4331-805E-60E71F5BF09D} = {979A9B69-3BBA-4059-A5E0-239850DCD275}
		{16DAB69D-01A4-4AFD-AE6F-67DA899EFA9E} = {5AAAC469-885A-40B0-AA51-727551A8407C}
	EndGlobalSection
	GlobalSection(ExtensibilityGlobals) = postSolution
		SolutionGuid = {09B5EC2A-DC75-4581-99B0-62DAC4FF0C8C}
	EndGlobalSection
EndGlobal
